
Microsoft Visual Studio Solution File, Format Version 12.00
# Visual Studio Version 17
VisualStudioVersion = 17.10.34916.146
MinimumVisualStudioVersion = 10.0.40219.1
Project("{FAE04EC0-301F-11D3-BF4B-00C04F79EFBC}") = "BE07_2024", "BE07_2024.csproj", "{3566B4A6-ECF6-4260-90E3-6F3D8B58F031}"
EndProject
Global
	GlobalSection(SolutionConfigurationPlatforms) = preSolution
		Debug|Any CPU = Debug|Any CPU
		Release|Any CPU = Release|Any CPU
	EndGlobalSection
	GlobalSection(ProjectConfigurationPlatforms) = postSolution
		{3566B4A6-ECF6-4260-90E3-6F3D8B58F031}.Debug|Any CPU.ActiveCfg = Debug|Any CPU
		{3566B4A6-ECF6-4260-90E3-6F3D8B58F031}.Debug|Any CPU.Build.0 = Debug|Any CPU
		{3566B4A6-ECF6-4260-90E3-6F3D8B58F031}.Release|Any CPU.ActiveCfg = Release|Any CPU
		{3566B4A6-ECF6-4260-90E3-6F3D8B58F031}.Release|Any CPU.Build.0 = Release|Any CPU
	EndGlobalSection
	GlobalSection(SolutionProperties) = preSolution
		HideSolutionNode = FALSE
	EndGlobalSection
	GlobalSection(ExtensibilityGlobals) = postSolution
		SolutionGuid = {AECADF9D-26DD-4D5A-8233-6E7C28489537}
	EndGlobalSection
EndGlobal
